// !$*UTF8*$!
{
	archiveVersion = 1;
	classes = {
	};
	objectVersion = 77;
	objects = {

/* Begin PBXFileReference section */
		55F1F3F52E9EF0ED0089DE0B /* .gitignore */ = {isa = PBXFileReference; lastKnownFileType = text; path = .gitignore; sourceTree = "<group>"; };
		55F1F3F72E9EF10A0089DE0B /* .env */ = {isa = PBXFileReference; lastKnownFileType = text; path = .env; sourceTree = "<group>"; };
		55F1F3F92E9EF1280089DE0B /* compose.env */ = {isa = PBXFileReference; lastKnownFileType = text; path = compose.env; sourceTree = "<group>"; };
		55F1F3FA2E9EF18F0089DE0B /* package.json */ = {isa = PBXFileReference; lastKnownFileType = text.json; path = package.json; sourceTree = "<group>"; };
		55F1F3FE2E9EF2470089DE0B /* Dockerfile */ = {isa = PBXFileReference; lastKnownFileType = text; path = Dockerfile; sourceTree = "<group>"; };
		55F1F3FF2E9EF2610089DE0B /* compose.yaml */ = {isa = PBXFileReference; lastKnownFileType = text.yaml; path = compose.yaml; sourceTree = "<group>"; };
		55F1F4002E9EF2D50089DE0B /* README.md */ = {isa = PBXFileReference; lastKnownFileType = net.daringfireball.markdown; path = README.md; sourceTree = "<group>"; };
/* End PBXFileReference section */

/* Begin PBXFileSystemSynchronizedRootGroup section */
		55F1F3FB2E9EF20E0089DE0B /* src */ = {
			isa = PBXFileSystemSynchronizedRootGroup;
			path = src;
			sourceTree = "<group>";
		};
/* End PBXFileSystemSynchronizedRootGroup section */

/* Begin PBXGroup section */
		55F1F3EE2E9EF0B70089DE0B = {
			isa = PBXGroup;
			children = (
				55F1F4002E9EF2D50089DE0B /* README.md */,
				55F1F3F72E9EF10A0089DE0B /* .env */,
				55F1F3F52E9EF0ED0089DE0B /* .gitignore */,
				55F1F3F92E9EF1280089DE0B /* compose.env */,
				55F1F3FF2E9EF2610089DE0B /* compose.yaml */,
				55F1F3FE2E9EF2470089DE0B /* Dockerfile */,
				55F1F3FA2E9EF18F0089DE0B /* package.json */,
				55F1F3FB2E9EF20E0089DE0B /* src */,
			);
			sourceTree = "<group>";
		};
/* End PBXGroup section */

/* Begin PBXProject section */
		55F1F3EF2E9EF0B70089DE0B /* Project object */ = {
			isa = PBXProject;
			attributes = {
				BuildIndependentTargetsInParallel = 1;
				LastUpgradeCheck = 2600;
			};
			buildConfigurationList = 55F1F3F22E9EF0B70089DE0B /* Build configuration list for PBXProject "fm-webhooks" */;
			developmentRegion = en;
			hasScannedForEncodings = 0;
			knownRegions = (
				en,
				Base,
			);
			mainGroup = 55F1F3EE2E9EF0B70089DE0B;
			minimizedProjectReferenceProxies = 1;
			preferredProjectObjectVersion = 77;
			projectDirPath = "";
			projectRoot = "";
			targets = (
			);
		};
/* End PBXProject section */

/* Begin XCBuildConfiguration section */
		55F1F3F32E9EF0B70089DE0B /* Debug */ = {
			isa = XCBuildConfiguration;
			buildSettings = {
				DEVELOPMENT_TEAM = ZY22WQ84W8;
			};
			name = Debug;
		};
		55F1F3F42E9EF0B70089DE0B /* Release */ = {
			isa = XCBuildConfiguration;
			buildSettings = {
				DEVELOPMENT_TEAM = ZY22WQ84W8;
			};
			name = Release;
		};
/* End XCBuildConfiguration section */

/* Begin XCConfigurationList section */
		55F1F3F22E9EF0B70089DE0B /* Build configuration list for PBXProject "fm-webhooks" */ = {
			isa = XCConfigurationList;
			buildConfigurations = (
				55F1F3F32E9EF0B70089DE0B /* Debug */,
				55F1F3F42E9EF0B70089DE0B /* Release */,
			);
			defaultConfigurationIsVisible = 0;
			defaultConfigurationName = Release;
		};
/* End XCConfigurationList section */
	};
	rootObject = 55F1F3EF2E9EF0B70089DE0B /* Project object */;
}
